{
  "name": "sample-vulnerable-app",
  "version": "1.0.0",
  "lockfileVersion": 3,
  "requires": true,
  "packages": {
    "": {
      "name": "sample-vulnerable-app",
      "version": "1.0.0",
      "dependencies": {
        "auth-service-pkg-a": "1.0.0",
        "billing-service-pkg-b": "1.2.0",
        "logger-util-pkg-d": "2.0.1"
      }
    },
    "node_modules/auth-service-pkg-a": {
      "version": "1.0.0",
      "resolved": "https://registry.npmjs.org/auth-service-pkg-a/-/auth-service-pkg-a-1.0.0.tgz",
      "dependencies": {
        "crypto-core-pkg-c": "2.1.0"
      }
    },
    "node_modules/billing-service-pkg-b": {
      "version": "1.2.0",
      "resolved": "https://registry.npmjs.org/billing-service-pkg-b/-/billing-service-pkg-b-1.2.0.tgz",
      "dependencies": {
        "crypto-core-pkg-c": "2.1.0"
      }
    },
    "node_modules/crypto-core-pkg-c": {
      "version": "2.1.0",
      "resolved": "https://registry.npmjs.org/crypto-core-pkg-c/-/crypto-core-pkg-c-2.1.0.tgz"
    },
    "node_modules/logger-util-pkg-d": {
      "version": "2.0.1",
      "resolved": "https://registry.npmjs.org/logger-util-pkg-d/-/logger-util-pkg-d-2.0.1.tgz",
      "dependencies": {
        "formatting-helper-pkg-e": "1.0.0"
      }
    },
    "node_modules/formatting-helper-pkg-e": {
      "version": "1.0.0",
      "resolved": "https://registry.npmjs.org/formatting-helper-pkg-e/-/formatting-helper-pkg-e-1.0.0.tgz"
    }
  }
}
